Microsoft Visual Studio Solution File, Format Version 12.00
# Visual Studio Version 17
VisualStudioVersion = 17.5.2.0
MinimumVisualStudioVersion = 10.0.40219.1
Project("{2150E333-8FDC-42A3-9474-1A3956D46DE8}") = "smoke-apps", "smoke-apps", "{27FA7E80-2D32-71F1-4619-DE14E201374C}"
EndProject
Project("{FAE04EC0-301F-11D3-BF4B-00C04F79EFBC}") = "dotnet-basic", "smoke-apps\dotnet-basic\dotnet-basic.csproj", "{68E489DA-8882-9CAF-1824-7A03C7A5F51F}"
EndProject
Global
	GlobalSection(SolutionConfigurationPlatforms) = preSolution
		Debug|Any CPU = Debug|Any CPU
		Release|Any CPU = Release|Any CPU
	EndGlobalSection
	GlobalSection(ProjectConfigurationPlatforms) = postSolution
		{68E489DA-8882-9CAF-1824-7A03C7A5F51F}.Debug|Any CPU.ActiveCfg = Debug|Any CPU
		{68E489DA-8882-9CAF-1824-7A03C7A5F51F}.Debug|Any CPU.Build.0 = Debug|Any CPU
		{68E489DA-8882-9CAF-1824-7A03C7A5F51F}.Release|Any CPU.ActiveCfg = Release|Any CPU
		{68E489DA-8882-9CAF-1824-7A03C7A5F51F}.Release|Any CPU.Build.0 = Release|Any CPU
	EndGlobalSection
	GlobalSection(SolutionProperties) = preSolution
		HideSolutionNode = FALSE
	EndGlobalSection
	GlobalSection(NestedProjects) = preSolution
		{68E489DA-8882-9CAF-1824-7A03C7A5F51F} = {27FA7E80-2D32-71F1-4619-DE14E201374C}
	EndGlobalSection
	GlobalSection(ExtensibilityGlobals) = postSolution
		SolutionGuid = {BB956BE7-4920-4B16-8C43-553DAE39D6E7}
	EndGlobalSection
EndGlobal
